
Microsoft Visual Studio Solution File, Format Version 12.00
# Visual Studio Version 16
VisualStudioVersion = 16.0.32002.261
MinimumVisualStudioVersion = 10.0.40219.1
Project("{FAE04EC0-301F-11D3-BF4B-00C04F79EFBC}") = "EasyBrokerAPIConsumer.Application", "EasyBrokerAPIConsumer.Application\EasyBrokerAPIConsumer.Application.csproj", "{97BCB5C0-A1F5-410B-B771-6291D4B1098F}"
EndProject
Project("{FAE04EC0-301F-11D3-BF4B-00C04F79EFBC}") = "EasyBrokerAPIConsumer.Domain", "EasyBrokerAPIConsumer.Domain\EasyBrokerAPIConsumer.Domain.csproj", "{7C3DBD24-DF05-42F0-A4F2-5D1E042F0056}"
EndProject
Project("{FAE04EC0-301F-11D3-BF4B-00C04F79EFBC}") = "EasyBrokerAPIConsumer.Test", "EasyBrokerAPIConsumer.Test\EasyBrokerAPIConsumer.Test.csproj", "{B242B2CD-51B5-478D-B724-1DBD43CAEA97}"
EndProject
Global
	GlobalSection(SolutionConfigurationPlatforms) = preSolution
		Debug|Any CPU = Debug|Any CPU
		Release|Any CPU = Release|Any CPU
	EndGlobalSection
	GlobalSection(ProjectConfigurationPlatforms) = postSolution
		{97BCB5C0-A1F5-410B-B771-6291D4B1098F}.Debug|Any CPU.ActiveCfg = Debug|Any CPU
		{97BCB5C0-A1F5-410B-B771-6291D4B1098F}.Debug|Any CPU.Build.0 = Debug|Any CPU
		{97BCB5C0-A1F5-410B-B771-6291D4B1098F}.Release|Any CPU.ActiveCfg = Release|Any CPU
		{97BCB5C0-A1F5-410B-B771-6291D4B1098F}.Release|Any CPU.Build.0 = Release|Any CPU
		{7C3DBD24-DF05-42F0-A4F2-5D1E042F0056}.Debug|Any CPU.ActiveCfg = Debug|Any CPU
		{7C3DBD24-DF05-42F0-A4F2-5D1E042F0056}.Debug|Any CPU.Build.0 = Debug|Any CPU
		{7C3DBD24-DF05-42F0-A4F2-5D1E042F0056}.Release|Any CPU.ActiveCfg = Release|Any CPU
		{7C3DBD24-DF05-42F0-A4F2-5D1E042F0056}.Release|Any CPU.Build.0 = Release|Any CPU
		{B242B2CD-51B5-478D-B724-1DBD43CAEA97}.Debug|Any CPU.ActiveCfg = Debug|Any CPU
		{B242B2CD-51B5-478D-B724-1DBD43CAEA97}.Debug|Any CPU.Build.0 = Debug|Any CPU
		{B242B2CD-51B5-478D-B724-1DBD43CAEA97}.Release|Any CPU.ActiveCfg = Release|Any CPU
		{B242B2CD-51B5-478D-B724-1DBD43CAEA97}.Release|Any CPU.Build.0 = Release|Any CPU
	EndGlobalSection
	GlobalSection(SolutionProperties) = preSolution
		HideSolutionNode = FALSE
	EndGlobalSection
	GlobalSection(ExtensibilityGlobals) = postSolution
		SolutionGuid = {C0B3D73E-CF42-498C-97C5-06A8F7372B49}
	EndGlobalSection
EndGlobal
